
Microsoft Visual Studio Solution File, Format Version 12.00
# Visual Studio 2015
Project("{FAE04EC0-301F-11D3-BF4B-00C04F79EFBC}") = "tests.CSharp", "tests.CSharp.csproj", "{41448A6E-3AC4-0412-326B-52CB2784B038}"
EndProject
Project("{FAE04EC0-301F-11D3-BF4B-00C04F79EFBC}") = "tests.CSharp.Editor", "tests.CSharp.Editor.csproj", "{66C130FD-5867-07BD-6BE1-DA8D0B825CC5}"
EndProject
Global
	GlobalSection(SolutionConfigurationPlatforms) = preSolution
		Debug|Any CPU = Debug|Any CPU
		Release|Any CPU = Release|Any CPU
	EndGlobalSection
	GlobalSection(ProjectConfigurationPlatforms) = postSolution
		{41448A6E-3AC4-0412-326B-52CB2784B038}.Debug|Any CPU.ActiveCfg = Debug|Any CPU
		{41448A6E-3AC4-0412-326B-52CB2784B038}.Debug|Any CPU.Build.0 = Debug|Any CPU
		{41448A6E-3AC4-0412-326B-52CB2784B038}.Release|Any CPU.ActiveCfg = Release|Any CPU
		{41448A6E-3AC4-0412-326B-52CB2784B038}.Release|Any CPU.Build.0 = Release|Any CPU
		{66C130FD-5867-07BD-6BE1-DA8D0B825CC5}.Debug|Any CPU.ActiveCfg = Debug|Any CPU
		{66C130FD-5867-07BD-6BE1-DA8D0B825CC5}.Debug|Any CPU.Build.0 = Debug|Any CPU
		{66C130FD-5867-07BD-6BE1-DA8D0B825CC5}.Release|Any CPU.ActiveCfg = Release|Any CPU
		{66C130FD-5867-07BD-6BE1-DA8D0B825CC5}.Release|Any CPU.Build.0 = Release|Any CPU
	EndGlobalSection
	GlobalSection(SolutionProperties) = preSolution
		HideSolutionNode = FALSE
	EndGlobalSection
EndGlobal
